
Microsoft Visual Studio Solution File, Format Version 12.00
# Visual Studio 2012
Project("{8BC9CEB8-8B4A-11D0-8D11-00A0C91BC942}") = "DeepNeuralNets", "DeepNeuralNets\DeepNeuralNets.vcxproj", "{B760E255-CCF4-44EE-8A71-B97F49D4AECD}"
EndProject
Global
	GlobalSection(SolutionConfigurationPlatforms) = preSolution
		Debug|Win32 = Debug|Win32
		Release|Win32 = Release|Win32
	EndGlobalSection
	GlobalSection(ProjectConfigurationPlatforms) = postSolution
		{B760E255-CCF4-44EE-8A71-B97F49D4AECD}.Debug|Win32.ActiveCfg = Debug|Win32
		{B760E255-CCF4-44EE-8A71-B97F49D4AECD}.Debug|Win32.Build.0 = Debug|Win32
		{B760E255-CCF4-44EE-8A71-B97F49D4AECD}.Release|Win32.ActiveCfg = Release|Win32
		{B760E255-CCF4-44EE-8A71-B97F49D4AECD}.Release|Win32.Build.0 = Release|Win32
	EndGlobalSection
	GlobalSection(SolutionProperties) = preSolution
		HideSolutionNode = FALSE
	EndGlobalSection
EndGlobal
